
Microsoft Visual Studio Solution File, Format Version 12.00
# Visual Studio Version 17
VisualStudioVersion = 17.10.35027.167
MinimumVisualStudioVersion = 10.0.40219.1
Project("{FAE04EC0-301F-11D3-BF4B-00C04F79EFBC}") = "api", "api.csproj", "{3AD396A8-4DF6-410D-88A7-9781C75015E9}"
EndProject
Global
	GlobalSection(SolutionConfigurationPlatforms) = preSolution
		Debug|Any CPU = Debug|Any CPU
		Release|Any CPU = Release|Any CPU
	EndGlobalSection
	GlobalSection(ProjectConfigurationPlatforms) = postSolution
		{3AD396A8-4DF6-410D-88A7-9781C75015E9}.Debug|Any CPU.ActiveCfg = Debug|Any CPU
		{3AD396A8-4DF6-410D-88A7-9781C75015E9}.Debug|Any CPU.Build.0 = Debug|Any CPU
		{3AD396A8-4DF6-410D-88A7-9781C75015E9}.Release|Any CPU.ActiveCfg = Release|Any CPU
		{3AD396A8-4DF6-410D-88A7-9781C75015E9}.Release|Any CPU.Build.0 = Release|Any CPU
	EndGlobalSection
	GlobalSection(SolutionProperties) = preSolution
		HideSolutionNode = FALSE
	EndGlobalSection
	GlobalSection(ExtensibilityGlobals) = postSolution
		SolutionGuid = {D1D01E75-0B08-44A8-99B5-5E7EF00D42BA}
	EndGlobalSection
EndGlobal
